
Microsoft Visual Studio Solution File, Format Version 12.00
# Visual Studio Version 17
VisualStudioVersion = 17.10.34928.147
MinimumVisualStudioVersion = 10.0.40219.1
Project("{FAE04EC0-301F-11D3-BF4B-00C04F79EFBC}") = "CSTWEB", "CSTWEB\CSTWEB.csproj", "{CEF6EECA-00B3-48B3-A685-D9EFE9723C38}"
EndProject
Global
	GlobalSection(SolutionConfigurationPlatforms) = preSolution
		Debug|Any CPU = Debug|Any CPU
		Release|Any CPU = Release|Any CPU
	EndGlobalSection
	GlobalSection(ProjectConfigurationPlatforms) = postSolution
		{CEF6EECA-00B3-48B3-A685-D9EFE9723C38}.Debug|Any CPU.ActiveCfg = Debug|Any CPU
		{CEF6EECA-00B3-48B3-A685-D9EFE9723C38}.Debug|Any CPU.Build.0 = Debug|Any CPU
		{CEF6EECA-00B3-48B3-A685-D9EFE9723C38}.Release|Any CPU.ActiveCfg = Release|Any CPU
		{CEF6EECA-00B3-48B3-A685-D9EFE9723C38}.Release|Any CPU.Build.0 = Release|Any CPU
	EndGlobalSection
	GlobalSection(SolutionProperties) = preSolution
		HideSolutionNode = FALSE
	EndGlobalSection
	GlobalSection(ExtensibilityGlobals) = postSolution
		SolutionGuid = {345AABAB-320A-4251-8D17-37E3C297D329}
	EndGlobalSection
EndGlobal
